
Microsoft Visual Studio Solution File, Format Version 12.00
# Visual Studio Version 17
VisualStudioVersion = 17.0.31903.59
MinimumVisualStudioVersion = 10.0.40219.1
Project("{2150E333-8FDC-42A3-9474-1A3956D46DE8}") = "src", "src", "{827E0CD3-B72D-47B6-A68D-7590B98EB39B}"
EndProject
Project("{FAE04EC0-301F-11D3-BF4B-00C04F79EFBC}") = "CouchCoop.Mod", "src\CouchCoop.Mod\CouchCoop.Mod.csproj", "{2CF27883-45FC-4E67-9DED-55CFECC81A8D}"
EndProject
Project("{FAE04EC0-301F-11D3-BF4B-00C04F79EFBC}") = "CouchCoop.Mod.Loader", "src\CouchCoop.Mod.Loader\CouchCoop.Mod.Loader.csproj", "{9673A0DF-EEC4-4432-A985-DCCFA100A206}"
EndProject
Project("{2150E333-8FDC-42A3-9474-1A3956D46DE8}") = "tests", "tests", "{0AB3BF05-4346-4AA6-1389-037BE0695223}"
EndProject
Project("{FAE04EC0-301F-11D3-BF4B-00C04F79EFBC}") = "CouchCoop.Mod.Tests", "tests\CouchCoop.Mod.Tests\CouchCoop.Mod.Tests.csproj", "{5308F9C1-6035-4A30-8039-D97CF2217365}"
EndProject
Project("{FAE04EC0-301F-11D3-BF4B-00C04F79EFBC}") = "CouchCoop.HostedServerHarness", "tests\CouchCoop.HostedServerHarness\CouchCoop.HostedServerHarness.csproj", "{189DB653-1E4D-4C72-942D-AF521545A192}"
EndProject
Project("{FAE04EC0-301F-11D3-BF4B-00C04F79EFBC}") = "CouchCoop.Mod.HotReload", "src\CouchCoop.Mod.HotReload\CouchCoop.Mod.HotReload.csproj", "{E5F72B98-377D-44BA-B4AA-440BC5582C14}"
EndProject
Project("{FAE04EC0-301F-11D3-BF4B-00C04F79EFBC}") = "CouchCoop.Mod.Contracts", "src\CouchCoop.Mod.Contracts\CouchCoop.Mod.Contracts.csproj", "{BCE59D1D-1B7B-487A-99B4-309A713ACE9C}"
EndProject
Project("{FAE04EC0-301F-11D3-BF4B-00C04F79EFBC}") = "CouchCoop.MirrorProtocol", "src\CouchCoop.MirrorProtocol\CouchCoop.MirrorProtocol.csproj", "{6C41ED74-F4EB-4AD0-B45A-69A282970283}"
EndProject
Project("{FAE04EC0-301F-11D3-BF4B-00C04F79EFBC}") = "CouchCoop.MirrorProtocol.Tests", "tests\CouchCoop.MirrorProtocol.Tests\CouchCoop.MirrorProtocol.Tests.csproj", "{D2DB534A-9EF4-49A8-9570-0DFC013A5663}"
EndProject
Global
	GlobalSection(SolutionConfigurationPlatforms) = preSolution
		Debug|Any CPU = Debug|Any CPU
		Debug|x64 = Debug|x64
		Debug|x86 = Debug|x86
		Release|Any CPU = Release|Any CPU
		Release|x64 = Release|x64
		Release|x86 = Release|x86
	EndGlobalSection
	GlobalSection(ProjectConfigurationPlatforms) = postSolution
		{2CF27883-45FC-4E67-9DED-55CFECC81A8D}.Debug|Any CPU.ActiveCfg = Debug|Any CPU
		{2CF27883-45FC-4E67-9DED-55CFECC81A8D}.Debug|Any CPU.Build.0 = Debug|Any CPU
		{2CF27883-45FC-4E67-9DED-55CFECC81A8D}.Debug|x64.ActiveCfg = Debug|Any CPU
		{2CF27883-45FC-4E67-9DED-55CFECC81A8D}.Debug|x64.Build.0 = Debug|Any CPU
		{2CF27883-45FC-4E67-9DED-55CFECC81A8D}.Debug|x86.ActiveCfg = Debug|Any CPU
		{2CF27883-45FC-4E67-9DED-55CFECC81A8D}.Debug|x86.Build.0 = Debug|Any CPU
		{2CF27883-45FC-4E67-9DED-55CFECC81A8D}.Release|Any CPU.ActiveCfg = Release|Any CPU
		{2CF27883-45FC-4E67-9DED-55CFECC81A8D}.Release|Any CPU.Build.0 = Release|Any CPU
		{2CF27883-45FC-4E67-9DED-55CFECC81A8D}.Release|x64.ActiveCfg = Release|Any CPU
		{2CF27883-45FC-4E67-9DED-55CFECC81A8D}.Release|x64.Build.0 = Release|Any CPU
		{2CF27883-45FC-4E67-9DED-55CFECC81A8D}.Release|x86.ActiveCfg = Release|Any CPU
		{2CF27883-45FC-4E67-9DED-55CFECC81A8D}.Release|x86.Build.0 = Release|Any CPU
		{9673A0DF-EEC4-4432-A985-DCCFA100A206}.Debug|Any CPU.ActiveCfg = Debug|Any CPU
		{9673A0DF-EEC4-4432-A985-DCCFA100A206}.Debug|Any CPU.Build.0 = Debug|Any CPU
		{9673A0DF-EEC4-4432-A985-DCCFA100A206}.Debug|x64.ActiveCfg = Debug|Any CPU
		{9673A0DF-EEC4-4432-A985-DCCFA100A206}.Debug|x64.Build.0 = Debug|Any CPU
		{9673A0DF-EEC4-4432-A985-DCCFA100A206}.Debug|x86.ActiveCfg = Debug|Any CPU
		{9673A0DF-EEC4-4432-A985-DCCFA100A206}.Debug|x86.Build.0 = Debug|Any CPU
		{9673A0DF-EEC4-4432-A985-DCCFA100A206}.Release|Any CPU.ActiveCfg = Release|Any CPU
		{9673A0DF-EEC4-4432-A985-DCCFA100A206}.Release|Any CPU.Build.0 = Release|Any CPU
		{9673A0DF-EEC4-4432-A985-DCCFA100A206}.Release|x64.ActiveCfg = Release|Any CPU
		{9673A0DF-EEC4-4432-A985-DCCFA100A206}.Release|x64.Build.0 = Release|Any CPU
		{9673A0DF-EEC4-4432-A985-DCCFA100A206}.Release|x86.ActiveCfg = Release|Any CPU
		{9673A0DF-EEC4-4432-A985-DCCFA100A206}.Release|x86.Build.0 = Release|Any CPU
		{5308F9C1-6035-4A30-8039-D97CF2217365}.Debug|Any CPU.ActiveCfg = Debug|Any CPU
		{5308F9C1-6035-4A30-8039-D97CF2217365}.Debug|Any CPU.Build.0 = Debug|Any CPU
		{5308F9C1-6035-4A30-8039-D97CF2217365}.Debug|x64.ActiveCfg = Debug|Any CPU
		{5308F9C1-6035-4A30-8039-D97CF2217365}.Debug|x64.Build.0 = Debug|Any CPU
		{5308F9C1-6035-4A30-8039-D97CF2217365}.Debug|x86.ActiveCfg = Debug|Any CPU
		{5308F9C1-6035-4A30-8039-D97CF2217365}.Debug|x86.Build.0 = Debug|Any CPU
		{5308F9C1-6035-4A30-8039-D97CF2217365}.Release|Any CPU.ActiveCfg = Release|Any CPU
		{5308F9C1-6035-4A30-8039-D97CF2217365}.Release|Any CPU.Build.0 = Release|Any CPU
		{5308F9C1-6035-4A30-8039-D97CF2217365}.Release|x64.ActiveCfg = Release|Any CPU
		{5308F9C1-6035-4A30-8039-D97CF2217365}.Release|x64.Build.0 = Release|Any CPU
		{5308F9C1-6035-4A30-8039-D97CF2217365}.Release|x86.ActiveCfg = Release|Any CPU
		{5308F9C1-6035-4A30-8039-D97CF2217365}.Release|x86.Build.0 = Release|Any CPU
		{189DB653-1E4D-4C72-942D-AF521545A192}.Debug|Any CPU.ActiveCfg = Debug|Any CPU
		{189DB653-1E4D-4C72-942D-AF521545A192}.Debug|Any CPU.Build.0 = Debug|Any CPU
		{189DB653-1E4D-4C72-942D-AF521545A192}.Debug|x64.ActiveCfg = Debug|Any CPU
		{189DB653-1E4D-4C72-942D-AF521545A192}.Debug|x64.Build.0 = Debug|Any CPU
		{189DB653-1E4D-4C72-942D-AF521545A192}.Debug|x86.ActiveCfg = Debug|Any CPU
		{189DB653-1E4D-4C72-942D-AF521545A192}.Debug|x86.Build.0 = Debug|Any CPU
		{189DB653-1E4D-4C72-942D-AF521545A192}.Release|Any CPU.ActiveCfg = Release|Any CPU
		{189DB653-1E4D-4C72-942D-AF521545A192}.Release|Any CPU.Build.0 = Release|Any CPU
		{189DB653-1E4D-4C72-942D-AF521545A192}.Release|x64.ActiveCfg = Release|Any CPU
		{189DB653-1E4D-4C72-942D-AF521545A192}.Release|x64.Build.0 = Release|Any CPU
		{189DB653-1E4D-4C72-942D-AF521545A192}.Release|x86.ActiveCfg = Release|Any CPU
		{189DB653-1E4D-4C72-942D-AF521545A192}.Release|x86.Build.0 = Release|Any CPU
		{E5F72B98-377D-44BA-B4AA-440BC5582C14}.Debug|Any CPU.ActiveCfg = Debug|Any CPU
		{E5F72B98-377D-44BA-B4AA-440BC5582C14}.Debug|Any CPU.Build.0 = Debug|Any CPU
		{E5F72B98-377D-44BA-B4AA-440BC5582C14}.Debug|x64.ActiveCfg = Debug|Any CPU
		{E5F72B98-377D-44BA-B4AA-440BC5582C14}.Debug|x64.Build.0 = Debug|Any CPU
		{E5F72B98-377D-44BA-B4AA-440BC5582C14}.Debug|x86.ActiveCfg = Debug|Any CPU
		{E5F72B98-377D-44BA-B4AA-440BC5582C14}.Debug|x86.Build.0 = Debug|Any CPU
		{E5F72B98-377D-44BA-B4AA-440BC5582C14}.Release|Any CPU.ActiveCfg = Release|Any CPU
		{E5F72B98-377D-44BA-B4AA-440BC5582C14}.Release|Any CPU.Build.0 = Release|Any CPU
		{E5F72B98-377D-44BA-B4AA-440BC5582C14}.Release|x64.ActiveCfg = Release|Any CPU
		{E5F72B98-377D-44BA-B4AA-440BC5582C14}.Release|x64.Build.0 = Release|Any CPU
		{E5F72B98-377D-44BA-B4AA-440BC5582C14}.Release|x86.ActiveCfg = Release|Any CPU
		{E5F72B98-377D-44BA-B4AA-440BC5582C14}.Release|x86.Build.0 = Release|Any CPU
		{BCE59D1D-1B7B-487A-99B4-309A713ACE9C}.Debug|Any CPU.ActiveCfg = Debug|Any CPU
		{BCE59D1D-1B7B-487A-99B4-309A713ACE9C}.Debug|Any CPU.Build.0 = Debug|Any CPU
		{BCE59D1D-1B7B-487A-99B4-309A713ACE9C}.Debug|x64.ActiveCfg = Debug|Any CPU
		{BCE59D1D-1B7B-487A-99B4-309A713ACE9C}.Debug|x64.Build.0 = Debug|Any CPU
		{BCE59D1D-1B7B-487A-99B4-309A713ACE9C}.Debug|x86.ActiveCfg = Debug|Any CPU
		{BCE59D1D-1B7B-487A-99B4-309A713ACE9C}.Debug|x86.Build.0 = Debug|Any CPU
		{BCE59D1D-1B7B-487A-99B4-309A713ACE9C}.Release|Any CPU.ActiveCfg = Release|Any CPU
		{BCE59D1D-1B7B-487A-99B4-309A713ACE9C}.Release|Any CPU.Build.0 = Release|Any CPU
		{BCE59D1D-1B7B-487A-99B4-309A713ACE9C}.Release|x64.ActiveCfg = Release|Any CPU
		{BCE59D1D-1B7B-487A-99B4-309A713ACE9C}.Release|x64.Build.0 = Release|Any CPU
		{BCE59D1D-1B7B-487A-99B4-309A713ACE9C}.Release|x86.ActiveCfg = Release|Any CPU
		{BCE59D1D-1B7B-487A-99B4-309A713ACE9C}.Release|x86.Build.0 = Release|Any CPU
		{6C41ED74-F4EB-4AD0-B45A-69A282970283}.Debug|Any CPU.ActiveCfg = Debug|Any CPU
		{6C41ED74-F4EB-4AD0-B45A-69A282970283}.Debug|Any CPU.Build.0 = Debug|Any CPU
		{6C41ED74-F4EB-4AD0-B45A-69A282970283}.Debug|x64.ActiveCfg = Debug|Any CPU
		{6C41ED74-F4EB-4AD0-B45A-69A282970283}.Debug|x64.Build.0 = Debug|Any CPU
		{6C41ED74-F4EB-4AD0-B45A-69A282970283}.Debug|x86.ActiveCfg = Debug|Any CPU
		{6C41ED74-F4EB-4AD0-B45A-69A282970283}.Debug|x86.Build.0 = Debug|Any CPU
		{6C41ED74-F4EB-4AD0-B45A-69A282970283}.Release|Any CPU.ActiveCfg = Release|Any CPU
		{6C41ED74-F4EB-4AD0-B45A-69A282970283}.Release|Any CPU.Build.0 = Release|Any CPU
		{6C41ED74-F4EB-4AD0-B45A-69A282970283}.Release|x64.ActiveCfg = Release|Any CPU
		{6C41ED74-F4EB-4AD0-B45A-69A282970283}.Release|x64.Build.0 = Release|Any CPU
		{6C41ED74-F4EB-4AD0-B45A-69A282970283}.Release|x86.ActiveCfg = Release|Any CPU
		{6C41ED74-F4EB-4AD0-B45A-69A282970283}.Release|x86.Build.0 = Release|Any CPU
		{D2DB534A-9EF4-49A8-9570-0DFC013A5663}.Debug|Any CPU.ActiveCfg = Debug|Any CPU
		{D2DB534A-9EF4-49A8-9570-0DFC013A5663}.Debug|Any CPU.Build.0 = Debug|Any CPU
		{D2DB534A-9EF4-49A8-9570-0DFC013A5663}.Debug|x64.ActiveCfg = Debug|Any CPU
		{D2DB534A-9EF4-49A8-9570-0DFC013A5663}.Debug|x64.Build.0 = Debug|Any CPU
		{D2DB534A-9EF4-49A8-9570-0DFC013A5663}.Debug|x86.ActiveCfg = Debug|Any CPU
		{D2DB534A-9EF4-49A8-9570-0DFC013A5663}.Debug|x86.Build.0 = Debug|Any CPU
		{D2DB534A-9EF4-49A8-9570-0DFC013A5663}.Release|Any CPU.ActiveCfg = Release|Any CPU
		{D2DB534A-9EF4-49A8-9570-0DFC013A5663}.Release|Any CPU.Build.0 = Release|Any CPU
		{D2DB534A-9EF4-49A8-9570-0DFC013A5663}.Release|x64.ActiveCfg = Release|Any CPU
		{D2DB534A-9EF4-49A8-9570-0DFC013A5663}.Release|x64.Build.0 = Release|Any CPU
		{D2DB534A-9EF4-49A8-9570-0DFC013A5663}.Release|x86.ActiveCfg = Release|Any CPU
		{D2DB534A-9EF4-49A8-9570-0DFC013A5663}.Release|x86.Build.0 = Release|Any CPU
	EndGlobalSection
	GlobalSection(SolutionProperties) = preSolution
		HideSolutionNode = FALSE
	EndGlobalSection
	GlobalSection(NestedProjects) = preSolution
		{2CF27883-45FC-4E67-9DED-55CFECC81A8D} = {827E0CD3-B72D-47B6-A68D-7590B98EB39B}
		{9673A0DF-EEC4-4432-A985-DCCFA100A206} = {827E0CD3-B72D-47B6-A68D-7590B98EB39B}
		{5308F9C1-6035-4A30-8039-D97CF2217365} = {0AB3BF05-4346-4AA6-1389-037BE0695223}
		{189DB653-1E4D-4C72-942D-AF521545A192} = {0AB3BF05-4346-4AA6-1389-037BE0695223}
		{E5F72B98-377D-44BA-B4AA-440BC5582C14} = {827E0CD3-B72D-47B6-A68D-7590B98EB39B}
		{BCE59D1D-1B7B-487A-99B4-309A713ACE9C} = {827E0CD3-B72D-47B6-A68D-7590B98EB39B}
		{6C41ED74-F4EB-4AD0-B45A-69A282970283} = {827E0CD3-B72D-47B6-A68D-7590B98EB39B}
		{D2DB534A-9EF4-49A8-9570-0DFC013A5663} = {0AB3BF05-4346-4AA6-1389-037BE0695223}
	EndGlobalSection
EndGlobal
