{
  "version": 1,
  "dependencies": {
    "net8.0": {
      "Godot.SourceGenerators": {
        "type": "Direct",
        "requested": "[4.5.1, )",
        "resolved": "4.5.1",
        "contentHash": "HOHYJQO5A/kzf5CUobeTPOX+JawSvjkDE0v/Fyo4EMYEC2MvCTGUvpJFjqQQmHYLNsiiB7RLVilcnup+jiVfdA=="
      },
      "GodotSharp": {
        "type": "Direct",
        "requested": "[4.5.1, )",
        "resolved": "4.5.1",
        "contentHash": "5CFnEHT+FByv5desNHMipz/209SCrWR9CGWFZjGHnXupl1Rw8U8q4nf65/unqZVL97Rx+3J5hskPMoDGaiZL9g=="
      },
      "GodotSharpEditor": {
        "type": "Direct",
        "requested": "[4.5.1, )",
        "resolved": "4.5.1",
        "contentHash": "8CM49047b0Us3qPJo6L7kdldreOvR7JCoXlKoSHzpA0TQP6+Qnoxz/26GZ1ONg2wW4vV9uzor0AHXSGUFP9XSw==",
        "dependencies": {
          "GodotSharp": "4.5.1"
        }
      },
      "Lib.Harmony": {
        "type": "Direct",
        "requested": "[2.4.2, 2.4.2]",
        "resolved": "2.4.2",
        "contentHash": "D2X9ojVjqbqdqWVK3VQETrEb56yVoXxtEp6tP5UvW0PP+bA4uJiswqOxF8GhH02ECwyevUa9vwhwdLzyXfksbw=="
      }
    }
  }
}